{
  "name": "node.js-design-patterns",
  "version": "1.0.0",
  "lockfileVersion": 2,
  "requires": true,
  "packages": {
    "": {
      "name": "node.js-design-patterns",
      "version": "1.0.0",
      "license": "ISC",
      "dependencies": {
        "ansi-styles": "^6.2.1",
        "csv-parse": "^5.3.2"
      }
    },
    "node_modules/ansi-styles": {
      "version": "6.2.1",
      "resolved": "https://registry.npmjs.org/ansi-styles/-/ansi-styles-6.2.1.tgz",
      "integrity": "sha512-bN798gFfQX+viw3R7yrGWRqnrN2oRkEkUjjl4JNn4E8GxxbjtG3FbrEIIY3l8/hrwUwIeCZvi4QuOTP4MErVug==",
      "engines": {
        "node": ">=12"
      },
      "funding": {
        "url": "https://github.com/chalk/ansi-styles?sponsor=1"
      }
    },
    "node_modules/csv-parse": {
      "version": "5.3.2",
      "resolved": "https://registry.npmjs.org/csv-parse/-/csv-parse-5.3.2.tgz",
      "integrity": "sha512-3jQ/JMs+voKxr4vwpmElS1d37J0o6rQdQyEKoPyA9HG8fYczpLaBJnmp5ykvkXL8ZeEGVP0qwLU645BZVykXKw=="
    }
  },
  "dependencies": {
    "ansi-styles": {
      "version": "6.2.1",
      "resolved": "https://registry.npmjs.org/ansi-styles/-/ansi-styles-6.2.1.tgz",
      "integrity": "sha512-bN798gFfQX+viw3R7yrGWRqnrN2oRkEkUjjl4JNn4E8GxxbjtG3FbrEIIY3l8/hrwUwIeCZvi4QuOTP4MErVug=="
    },
    "csv-parse": {
      "version": "5.3.2",
      "resolved": "https://registry.npmjs.org/csv-parse/-/csv-parse-5.3.2.tgz",
      "integrity": "sha512-3jQ/JMs+voKxr4vwpmElS1d37J0o6rQdQyEKoPyA9HG8fYczpLaBJnmp5ykvkXL8ZeEGVP0qwLU645BZVykXKw=="
    }
  }
}
